PODS:
  - FBSnapshotTestCase (2.1.4):
    - FBSnapshotTestCase/SwiftSupport (= 2.1.4)
  - FBSnapshotTestCase/Core (2.1.4)
  - FBSnapshotTestCase/SwiftSupport (2.1.4):
    - FBSnapshotTestCase/Core
  - Masonry (1.1.0)
  - SFBaseUI (0.1.0):
    - Masonry
    - SFBaseUI/SFMakerKit (= 0.1.0)
    - SFBaseUI/SFUIKit (= 0.1.0)
    - SFCategory
  - SFBaseUI/SFMakerKit (0.1.0):
    - Masonry
    - SFBaseUI/SFMakerKit/SFButton (= 0.1.0)
    - SFBaseUI/SFMakerKit/SFLabel (= 0.1.0)
    - SFBaseUI/SFMakerKit/SFObject (= 0.1.0)
    - SFBaseUI/SFMakerKit/SFView (= 0.1.0)
    - SFCategory
  - SFBaseUI/SFMakerKit/SFButton (0.1.0):
    - Masonry
    - SFCategory
  - SFBaseUI/SFMakerKit/SFLabel (0.1.0):
    - Masonry
    - SFCategory
  - SFBaseUI/SFMakerKit/SFObject (0.1.0):
    - Masonry
    - SFCategory
  - SFBaseUI/SFMakerKit/SFView (0.1.0):
    - Masonry
    - SFCategory
  - SFBaseUI/SFUIKit (0.1.0):
    - Masonry
    - SFBaseUI/SFUIKit/SFButton (= 0.1.0)
    - SFCategory
  - SFBaseUI/SFUIKit/SFButton (0.1.0):
    - Masonry
    - SFCategory
  - SFCategory (0.1.1):
    - SFCategory/SFFoundation (= 0.1.1)
    - SFCategory/SFKit (= 0.1.1)
    - YYCategories
  - SFCategory/SFFoundation (0.1.1):
    - SFCategory/SFFoundation/NSObject (= 0.1.1)
    - SFCategory/SFFoundation/NSString (= 0.1.1)
    - YYCategories
  - SFCategory/SFFoundation/NSObject (0.1.1):
    - YYCategories
  - SFCategory/SFFoundation/NSString (0.1.1):
    - YYCategories
  - SFCategory/SFKit (0.1.1):
    - SFCategory/SFKit/UIImage (= 0.1.1)
    - SFCategory/SFKit/UIView (= 0.1.1)
    - SFCategory/SFKit/UIViewController (= 0.1.1)
    - YYCategories
  - SFCategory/SFKit/UIImage (0.1.1):
    - YYCategories
  - SFCategory/SFKit/UIView (0.1.1):
    - YYCategories
  - SFCategory/SFKit/UIViewController (0.1.1):
    - YYCategories
  - YYCategories (1.0.4):
    - YYCategories/no-arc (= 1.0.4)
  - YYCategories/no-arc (1.0.4)

DEPENDENCIES:
  - FBSnapshotTestCase
  - SFBaseUI (from `../`)
  - SFCategory (from `https://github.com/jack110530/SFCategory.git`, branch `master`)

SPEC REPOS:
  trunk:
    - FBSnapshotTestCase
    - Masonry
    - YYCategories

EXTERNAL SOURCES:
  SFBaseUI:
    :path: "../"
  SFCategory:
    :branch: master
    :git: https://github.com/jack110530/SFCategory.git

CHECKOUT OPTIONS:
  SFCategory:
    :commit: 1a3ad2d14d2e5fb67f4b3aeced9338d7ebf4e00d
    :git: https://github.com/jack110530/SFCategory.git

SPEC CHECKSUMS:
  FBSnapshotTestCase: 094f9f314decbabe373b87cc339bea235a63e07a
  Masonry: 678fab65091a9290e40e2832a55e7ab731aad201
  SFBaseUI: b526a2368a4d82dc20fa90f9fe51d8c063972fad
  SFCategory: e51ce414e566262a6dc00fefffbb4d189bba27c9
  YYCategories: 6bcd4314c6661a561410dce4a793379ebd306abd

PODFILE CHECKSUM: 8c5c01e74ea0c79dce9cef53d4c3cd52bda2625d

COCOAPODS: 1.9.3
