PODS:
  - FBSnapshotTestCase (2.1.4):
    - FBSnapshotTestCase/SwiftSupport (= 2.1.4)
  - FBSnapshotTestCase/Core (2.1.4)
  - FBSnapshotTestCase/SwiftSupport (2.1.4):
    - FBSnapshotTestCase/Core
  - Masonry (1.1.0)
  - MJRefresh (3.5.0)
  - ReactiveObjC (3.1.1)
  - SFBaseUI (0.1.0):
    - Masonry
    - MJRefresh
    - ReactiveObjC
    - SFBaseUI/SFDesignPattern (= 0.1.0)
    - SFBaseUI/SFMakerKit (= 0.1.0)
    - SFBaseUI/SFModel (= 0.1.0)
    - SFBaseUI/SFUIKit (= 0.1.0)
    - SFCategory
    - SFCrashInspector
    - SFMacro
    - YYModel
  - SFBaseUI/SFDesignPattern (0.1.0):
    - Masonry
    - MJRefresh
    - ReactiveObjC
    - SFBaseUI/SFDesignPattern/SFMvc (= 0.1.0)
    - SFBaseUI/SFDesignPattern/SFMvvm (= 0.1.0)
    - SFCategory
    - SFCrashInspector
    - SFMacro
    - YYModel
  - SFBaseUI/SFDesignPattern/SFMvc (0.1.0):
    - Masonry
    - MJRefresh
    - ReactiveObjC
    - SFBaseUI/SFDesignPattern/SFMvc/SFTableMvc (= 0.1.0)
    - SFCategory
    - SFCrashInspector
    - SFMacro
    - YYModel
  - SFBaseUI/SFDesignPattern/SFMvc/SFTableMvc (0.1.0):
    - Masonry
    - MJRefresh
    - ReactiveObjC
    - SFCategory
    - SFCrashInspector
    - SFMacro
    - YYModel
  - SFBaseUI/SFDesignPattern/SFMvvm (0.1.0):
    - Masonry
    - MJRefresh
    - ReactiveObjC
    - SFBaseUI/SFDesignPattern/SFMvvm/SFMvvmProtocol (= 0.1.0)
    - SFBaseUI/SFDesignPattern/SFMvvm/SFTableMvvm (= 0.1.0)
    - SFBaseUI/SFDesignPattern/SFMvvm/SFViewModel (= 0.1.0)
    - SFCategory
    - SFCrashInspector
    - SFMacro
    - YYModel
  - SFBaseUI/SFDesignPattern/SFMvvm/SFMvvmProtocol (0.1.0):
    - Masonry
    - MJRefresh
    - ReactiveObjC
    - SFCategory
    - SFCrashInspector
    - SFMacro
    - YYModel
  - SFBaseUI/SFDesignPattern/SFMvvm/SFTableMvvm (0.1.0):
    - Masonry
    - MJRefresh
    - ReactiveObjC
    - SFCategory
    - SFCrashInspector
    - SFMacro
    - YYModel
  - SFBaseUI/SFDesignPattern/SFMvvm/SFViewModel (0.1.0):
    - Masonry
    - MJRefresh
    - ReactiveObjC
    - SFCategory
    - SFCrashInspector
    - SFMacro
    - YYModel
  - SFBaseUI/SFMakerKit (0.1.0):
    - Masonry
    - MJRefresh
    - ReactiveObjC
    - SFBaseUI/SFMakerKit/SFButton (= 0.1.0)
    - SFBaseUI/SFMakerKit/SFLabel (= 0.1.0)
    - SFBaseUI/SFMakerKit/SFObject (= 0.1.0)
    - SFBaseUI/SFMakerKit/SFView (= 0.1.0)
    - SFCategory
    - SFCrashInspector
    - SFMacro
    - YYModel
  - SFBaseUI/SFMakerKit/SFButton (0.1.0):
    - Masonry
    - MJRefresh
    - ReactiveObjC
    - SFCategory
    - SFCrashInspector
    - SFMacro
    - YYModel
  - SFBaseUI/SFMakerKit/SFLabel (0.1.0):
    - Masonry
    - MJRefresh
    - ReactiveObjC
    - SFCategory
    - SFCrashInspector
    - SFMacro
    - YYModel
  - SFBaseUI/SFMakerKit/SFObject (0.1.0):
    - Masonry
    - MJRefresh
    - ReactiveObjC
    - SFCategory
    - SFCrashInspector
    - SFMacro
    - YYModel
  - SFBaseUI/SFMakerKit/SFView (0.1.0):
    - Masonry
    - MJRefresh
    - ReactiveObjC
    - SFCategory
    - SFCrashInspector
    - SFMacro
    - YYModel
  - SFBaseUI/SFModel (0.1.0):
    - Masonry
    - MJRefresh
    - ReactiveObjC
    - SFBaseUI/SFModel/SFTableModel (= 0.1.0)
    - SFCategory
    - SFCrashInspector
    - SFMacro
    - YYModel
  - SFBaseUI/SFModel/SFTableModel (0.1.0):
    - Masonry
    - MJRefresh
    - ReactiveObjC
    - SFCategory
    - SFCrashInspector
    - SFMacro
    - YYModel
  - SFBaseUI/SFUIKit (0.1.0):
    - Masonry
    - MJRefresh
    - ReactiveObjC
    - SFBaseUI/SFUIKit/SFButton (= 0.1.0)
    - SFBaseUI/SFUIKit/SFCollection (= 0.1.0)
    - SFBaseUI/SFUIKit/SFCountdown (= 0.1.0)
    - SFBaseUI/SFUIKit/SFProgress (= 0.1.0)
    - SFBaseUI/SFUIKit/SFProtocol (= 0.1.0)
    - SFBaseUI/SFUIKit/SFScroll (= 0.1.0)
    - SFBaseUI/SFUIKit/SFTable (= 0.1.0)
    - SFBaseUI/SFUIKit/SFView (= 0.1.0)
    - SFBaseUI/SFUIKit/SFViewController (= 0.1.0)
    - SFCategory
    - SFCrashInspector
    - SFMacro
    - YYModel
  - SFBaseUI/SFUIKit/SFButton (0.1.0):
    - Masonry
    - MJRefresh
    - ReactiveObjC
    - SFCategory
    - SFCrashInspector
    - SFMacro
    - YYModel
  - SFBaseUI/SFUIKit/SFCollection (0.1.0):
    - Masonry
    - MJRefresh
    - ReactiveObjC
    - SFCategory
    - SFCrashInspector
    - SFMacro
    - YYModel
  - SFBaseUI/SFUIKit/SFCountdown (0.1.0):
    - Masonry
    - MJRefresh
    - ReactiveObjC
    - SFCategory
    - SFCrashInspector
    - SFMacro
    - YYModel
  - SFBaseUI/SFUIKit/SFProgress (0.1.0):
    - Masonry
    - MJRefresh
    - ReactiveObjC
    - SFCategory
    - SFCrashInspector
    - SFMacro
    - YYModel
  - SFBaseUI/SFUIKit/SFProtocol (0.1.0):
    - Masonry
    - MJRefresh
    - ReactiveObjC
    - SFCategory
    - SFCrashInspector
    - SFMacro
    - YYModel
  - SFBaseUI/SFUIKit/SFScroll (0.1.0):
    - Masonry
    - MJRefresh
    - ReactiveObjC
    - SFCategory
    - SFCrashInspector
    - SFMacro
    - YYModel
  - SFBaseUI/SFUIKit/SFTable (0.1.0):
    - Masonry
    - MJRefresh
    - ReactiveObjC
    - SFCategory
    - SFCrashInspector
    - SFMacro
    - YYModel
  - SFBaseUI/SFUIKit/SFView (0.1.0):
    - Masonry
    - MJRefresh
    - ReactiveObjC
    - SFCategory
    - SFCrashInspector
    - SFMacro
    - YYModel
  - SFBaseUI/SFUIKit/SFViewController (0.1.0):
    - Masonry
    - MJRefresh
    - ReactiveObjC
    - SFCategory
    - SFCrashInspector
    - SFMacro
    - YYModel
  - SFCategory (0.1.1):
    - SFCategory/SFFoundation (= 0.1.1)
    - SFCategory/SFKit (= 0.1.1)
    - YYCategories
  - SFCategory/SFFoundation (0.1.1):
    - SFCategory/SFFoundation/NSObject (= 0.1.1)
    - SFCategory/SFFoundation/NSString (= 0.1.1)
    - YYCategories
  - SFCategory/SFFoundation/NSObject (0.1.1):
    - YYCategories
  - SFCategory/SFFoundation/NSString (0.1.1):
    - YYCategories
  - SFCategory/SFKit (0.1.1):
    - SFCategory/SFKit/UIButton (= 0.1.1)
    - SFCategory/SFKit/UIImage (= 0.1.1)
    - SFCategory/SFKit/UIView (= 0.1.1)
    - SFCategory/SFKit/UIViewController (= 0.1.1)
    - YYCategories
  - SFCategory/SFKit/UIButton (0.1.1):
    - YYCategories
  - SFCategory/SFKit/UIImage (0.1.1):
    - YYCategories
  - SFCategory/SFKit/UIView (0.1.1):
    - YYCategories
  - SFCategory/SFKit/UIViewController (0.1.1):
    - YYCategories
  - SFCrashInspector (0.1.0)
  - SFMacro (0.1.1)
  - YYCategories (1.0.4):
    - YYCategories/no-arc (= 1.0.4)
  - YYCategories/no-arc (1.0.4)
  - YYModel (1.0.4)

DEPENDENCIES:
  - FBSnapshotTestCase
  - SFBaseUI (from `../`)
  - SFCategory (from `https://github.com/jack110530/SFCategory.git`, branch `master`)
  - SFCrashInspector (from `https://github.com/jack110530/SFCrashInspector.git`)
  - SFMacro (from `https://github.com/jack110530/SFMacro.git`, branch `master`)

SPEC REPOS:
  trunk:
    - FBSnapshotTestCase
    - Masonry
    - MJRefresh
    - ReactiveObjC
    - YYCategories
    - YYModel

EXTERNAL SOURCES:
  SFBaseUI:
    :path: "../"
  SFCategory:
    :branch: master
    :git: https://github.com/jack110530/SFCategory.git
  SFCrashInspector:
    :git: https://github.com/jack110530/SFCrashInspector.git
  SFMacro:
    :branch: master
    :git: https://github.com/jack110530/SFMacro.git

CHECKOUT OPTIONS:
  SFCategory:
    :commit: 172cafe1552652461723f2d0586bfe99078e7aa4
    :git: https://github.com/jack110530/SFCategory.git
  SFCrashInspector:
    :commit: 990c54b3569e992c6945240d90bd5f903f0075bd
    :git: https://github.com/jack110530/SFCrashInspector.git
  SFMacro:
    :commit: 218f0edd943751fbce262f274e2ae373d36e5e90
    :git: https://github.com/jack110530/SFMacro.git

SPEC CHECKSUMS:
  FBSnapshotTestCase: 094f9f314decbabe373b87cc339bea235a63e07a
  Masonry: 678fab65091a9290e40e2832a55e7ab731aad201
  MJRefresh: 6afc955813966afb08305477dd7a0d9ad5e79a16
  ReactiveObjC: 011caa393aa0383245f2dcf9bf02e86b80b36040
  SFBaseUI: e1487056550b8292b4e3a3babe53dc467d517665
  SFCategory: 4adc606da20bcce6620f10a89cda3dc2b105274c
  SFCrashInspector: b89568cbbb18d9318984911789dacde5efa02236
  SFMacro: feaf9eaac7cfa4797a99a3d8119895ff843335fe
  YYCategories: 6bcd4314c6661a561410dce4a793379ebd306abd
  YYModel: 2a7fdd96aaa4b86a824e26d0c517de8928c04b30

PODFILE CHECKSUM: 43165b8b28f97205855832c55fc768ef7e2fc628

COCOAPODS: 1.9.3
